
Microsoft Visual Studio Solution File, Format Version 12.00
# Visual Studio 2012
Project("{FAE04EC0-301F-11D3-BF4B-00C04F79EFBC}") = "BizTalk.CRM.Functoids", "BizTalk.CRM.Functoids.csproj", "{87BF97A1-0B84-4791-9094-179293FD7CF8}"
EndProject
Global
	GlobalSection(TeamFoundationVersionControl) = preSolution
		SccNumberOfProjects = 2
		SccEnterpriseProvider = {4CA58AB2-18FA-4F8D-95D4-32DDF27D184C}
		SccTeamFoundationServer = https://tfs.codeplex.com/tfs/tfs21
		SccLocalPath0 = .
		SccProjectUniqueName1 = BizTalk.CRM.Functoids.csproj
		SccLocalPath1 = .
	EndGlobalSection
	GlobalSection(SolutionConfigurationPlatforms) = preSolution
		Debug|Any CPU = Debug|Any CPU
		Release|Any CPU = Release|Any CPU
	EndGlobalSection
	GlobalSection(ProjectConfigurationPlatforms) = postSolution
		{87BF97A1-0B84-4791-9094-179293FD7CF8}.Debug|Any CPU.ActiveCfg = Debug|Any CPU
		{87BF97A1-0B84-4791-9094-179293FD7CF8}.Debug|Any CPU.Build.0 = Debug|Any CPU
		{87BF97A1-0B84-4791-9094-179293FD7CF8}.Release|Any CPU.ActiveCfg = Release|Any CPU
		{87BF97A1-0B84-4791-9094-179293FD7CF8}.Release|Any CPU.Build.0 = Release|Any CPU
	EndGlobalSection
	GlobalSection(SolutionProperties) = preSolution
		HideSolutionNode = FALSE
	EndGlobalSection
EndGlobal
